git.sr.ht/~whereswaldon/forest-go v0.0.0-20201011203633-e3b60d5a8e86 h1:skl5CR7Na2FyoA0xowlsIbhtYSMrxMwQN8awbgVxQHY=
git.sr.ht/~whereswaldon/forest-go v0.0.0-20201011203633-e3b60d5a8e86/go.mod h1:aGmm4R7ifFBvJWOHINDvZcKVOu+ODkD75NmNm/O0zME=
github.com/ProtonMail/crypto v0.0.0-20200420072808-71bec3603bf3 h1:JW27/kGLQzeM1Fxg5YQhdkTEAU7HIAHMgSag35zVTnY=
github.com/ProtonMail/crypto v0.0.0-20200420072808-71bec3603bf3/go.mod h1:Pxr7w4gA2ikI4sWyYwEffm+oew1WAJHzG1SiDpQMkrI=
github.com/fsnotify/fsnotify v1.4.7 h1:IXs+QLmnXW2CcXuY+8Mzv/fWEsPGWxqefPtCP5CnV9I=
github.com/fsnotify/fsnotify v1.4.7/go.mod h1:jwhsz4b93w/PPRr/qN1Yymfu8t87LnFCMoQvtojpjFo=
golang.org/x/net v0.0.0-20190404232315-eb5bcb51f2a3/go.mod h1:t9HGtf8HONx5eT2rtn7q6eTqICYqUVnKs3thJo3Qplg=
golang.org/x/sys v0.0.0-20190412213103-97732733099d/go.mod h1:h1NjWce9XRLGQEsW7wpKNCjG9DtNlClVuFLEZdDNbEs=
golang.org/x/sys v0.0.0-20190626150813-e07cf5db2756 h1:9nuHUbU8dRnRRfj9KjWUVrJeoexdbeMjttk6Oh1rD10=
golang.org/x/sys v0.0.0-20190626150813-e07cf5db2756/go.mod h1:h1NjWce9XRLGQEsW7wpKNCjG9DtNlClVuFLEZdDNbEs=
golang.org/x/text v0.3.0/go.mod h1:NqM8EUOU14njkJ3fqMW+pc6Ldnwhi/IjpwHt7yyuwOQ=
